
Microsoft Visual Studio Solution File, Format Version 12.00
# Visual Studio Express 2013 for Windows Desktop
VisualStudioVersion = 12.0.31101.0
MinimumVisualStudioVersion = 10.0.40219.1
Project("{FAE04EC0-301F-11D3-BF4B-00C04F79EFBC}") = "tectrectangl", "tectrectangl\tectrectangl.csproj", "{66E77E68-2B4A-4E87-89E0-61A79C67FE82}"
EndProject
Project("{FAE04EC0-301F-11D3-BF4B-00C04F79EFBC}") = "rectangle", "rectangle\rectangle.csproj", "{19BC5985-57FC-4263-BC0E-A096EB0AC095}"
EndProject
Project("{FAE04EC0-301F-11D3-BF4B-00C04F79EFBC}") = "Point", "Point\Point.csproj", "{8FAEAA99-9163-410B-8C68-63C7267E383F}"
EndProject
Global
	GlobalSection(SolutionConfigurationPlatforms) = preSolution
		Debug|Any CPU = Debug|Any CPU
		Release|Any CPU = Release|Any CPU
	EndGlobalSection
	GlobalSection(ProjectConfigurationPlatforms) = postSolution
		{66E77E68-2B4A-4E87-89E0-61A79C67FE82}.Debug|Any CPU.ActiveCfg = Debug|Any CPU
		{66E77E68-2B4A-4E87-89E0-61A79C67FE82}.Debug|Any CPU.Build.0 = Debug|Any CPU
		{66E77E68-2B4A-4E87-89E0-61A79C67FE82}.Release|Any CPU.ActiveCfg = Release|Any CPU
		{66E77E68-2B4A-4E87-89E0-61A79C67FE82}.Release|Any CPU.Build.0 = Release|Any CPU
		{19BC5985-57FC-4263-BC0E-A096EB0AC095}.Debug|Any CPU.ActiveCfg = Debug|Any CPU
		{19BC5985-57FC-4263-BC0E-A096EB0AC095}.Debug|Any CPU.Build.0 = Debug|Any CPU
		{19BC5985-57FC-4263-BC0E-A096EB0AC095}.Release|Any CPU.ActiveCfg = Release|Any CPU
		{19BC5985-57FC-4263-BC0E-A096EB0AC095}.Release|Any CPU.Build.0 = Release|Any CPU
		{8FAEAA99-9163-410B-8C68-63C7267E383F}.Debug|Any CPU.ActiveCfg = Debug|Any CPU
		{8FAEAA99-9163-410B-8C68-63C7267E383F}.Debug|Any CPU.Build.0 = Debug|Any CPU
		{8FAEAA99-9163-410B-8C68-63C7267E383F}.Release|Any CPU.ActiveCfg = Release|Any CPU
		{8FAEAA99-9163-410B-8C68-63C7267E383F}.Release|Any CPU.Build.0 = Release|Any CPU
	EndGlobalSection
	GlobalSection(SolutionProperties) = preSolution
		HideSolutionNode = FALSE
	EndGlobalSection
EndGlobal
